
Microsoft Visual Studio Solution File, Format Version 12.00
# Visual Studio Version 17
VisualStudioVersion = 17.1.32421.90
MinimumVisualStudioVersion = 10.0.40219.1
Project("{9A19103F-16F7-4668-BE54-9A1E7A4F7556}") = "ValorantPicks", "ValorantPicks.csproj", "{763C7839-756A-44AD-B56C-5BAE5DA691E8}"
EndProject
Global
	GlobalSection(SolutionConfigurationPlatforms) = preSolution
		DB|Any CPU = DB|Any CPU
		Debug|Any CPU = Debug|Any CPU
		Release|Any CPU = Release|Any CPU
	EndGlobalSection
	GlobalSection(ProjectConfigurationPlatforms) = postSolution
		{763C7839-756A-44AD-B56C-5BAE5DA691E8}.DB|Any CPU.ActiveCfg = DB|Any CPU
		{763C7839-756A-44AD-B56C-5BAE5DA691E8}.DB|Any CPU.Build.0 = DB|Any CPU
		{763C7839-756A-44AD-B56C-5BAE5DA691E8}.Debug|Any CPU.ActiveCfg = Debug|Any CPU
		{763C7839-756A-44AD-B56C-5BAE5DA691E8}.Debug|Any CPU.Build.0 = Debug|Any CPU
		{763C7839-756A-44AD-B56C-5BAE5DA691E8}.Release|Any CPU.ActiveCfg = Release|Any CPU
		{763C7839-756A-44AD-B56C-5BAE5DA691E8}.Release|Any CPU.Build.0 = Release|Any CPU
	EndGlobalSection
	GlobalSection(SolutionProperties) = preSolution
		HideSolutionNode = FALSE
	EndGlobalSection
	GlobalSection(ExtensibilityGlobals) = postSolution
		SolutionGuid = {FB96F200-9706-41F4-96CC-3AE970DB041A}
	EndGlobalSection
EndGlobal
